// !$*UTF8*$!
{
	archiveVersion = 1;
	classes = {
	};
	objectVersion = 56;
	objects = {

/* Begin PBXBuildFile section */
		5C44E3A728E4AF0600CEBCF2 /* HabitViewController.swift in Sources */ = {isa = PBXBuildFile; fileRef = 5C44E3A628E4AF0600CEBCF2 /* HabitViewController.swift */; };
		5C44E3A928E9E21C00CEBCF2 /* HabitDetailsHeaderView.swift in Sources */ = {isa = PBXBuildFile; fileRef = 5C44E3A828E9E21C00CEBCF2 /* HabitDetailsHeaderView.swift */; };
		5C44E3AB28E9E23300CEBCF2 /* HabitDetailsViewController.swift in Sources */ = {isa = PBXBuildFile; fileRef = 5C44E3AA28E9E23300CEBCF2 /* HabitDetailsViewController.swift */; };
		5C44E3AD28E9E26400CEBCF2 /* HabitCollectionViewCell.swift in Sources */ = {isa = PBXBuildFile; fileRef = 5C44E3AC28E9E26400CEBCF2 /* HabitCollectionViewCell.swift */; };
		5C44E3AF28E9E28300CEBCF2 /* ProgressCollectionViewCell.swift in Sources */ = {isa = PBXBuildFile; fileRef = 5C44E3AE28E9E28300CEBCF2 /* ProgressCollectionViewCell.swift */; };
		5CEE0B6428D9C04400349707 /* AppDelegate.swift in Sources */ = {isa = PBXBuildFile; fileRef = 5CEE0B6328D9C04400349707 /* AppDelegate.swift */; };
		5CEE0B6628D9C04400349707 /* SceneDelegate.swift in Sources */ = {isa = PBXBuildFile; fileRef = 5CEE0B6528D9C04400349707 /* SceneDelegate.swift */; };
		5CEE0B6D28D9C04400349707 /* Assets.xcassets in Resources */ = {isa = PBXBuildFile; fileRef = 5CEE0B6C28D9C04400349707 /* Assets.xcassets */; };
		5CEE0B7028D9C04400349707 /* LaunchScreen.storyboard in Resources */ = {isa = PBXBuildFile; fileRef = 5CEE0B6E28D9C04400349707 /* LaunchScreen.storyboard */; };
		5CEE0B7828DA243900349707 /* HabitsStore.swift in Sources */ = {isa = PBXBuildFile; fileRef = 5CEE0B7728DA243900349707 /* HabitsStore.swift */; };
		5CEE0B7A28DA26D300349707 /* HabitsViewController.swift in Sources */ = {isa = PBXBuildFile; fileRef = 5CEE0B7928DA26D300349707 /* HabitsViewController.swift */; };
		5CEE0B7C28DA26E100349707 /* InfoViewController.swift in Sources */ = {isa = PBXBuildFile; fileRef = 5CEE0B7B28DA26E100349707 /* InfoViewController.swift */; };
/* End PBXBuildFile section */

/* Begin PBXFileReference section */
		5C44E3A628E4AF0600CEBCF2 /* HabitViewController.swift */ = {isa = PBXFileReference; lastKnownFileType = sourcecode.swift; path = HabitViewController.swift; sourceTree = "<group>"; };
		5C44E3A828E9E21C00CEBCF2 /* HabitDetailsHeaderView.swift */ = {isa = PBXFileReference; lastKnownFileType = sourcecode.swift; path = HabitDetailsHeaderView.swift; sourceTree = "<group>"; };
		5C44E3AA28E9E23300CEBCF2 /* HabitDetailsViewController.swift */ = {isa = PBXFileReference; lastKnownFileType = sourcecode.swift; path = HabitDetailsViewController.swift; sourceTree = "<group>"; };
		5C44E3AC28E9E26400CEBCF2 /* HabitCollectionViewCell.swift */ = {isa = PBXFileReference; lastKnownFileType = sourcecode.swift; path = HabitCollectionViewCell.swift; sourceTree = "<group>"; };
		5C44E3AE28E9E28300CEBCF2 /* ProgressCollectionViewCell.swift */ = {isa = PBXFileReference; lastKnownFileType = sourcecode.swift; path = ProgressCollectionViewCell.swift; sourceTree = "<group>"; };
		5CEE0B6028D9C04400349707 /* MyHabits.app */ = {isa = PBXFileReference; explicitFileType = wrapper.application; includeInIndex = 0; path = MyHabits.app; sourceTree = BUILT_PRODUCTS_DIR; };
		5CEE0B6328D9C04400349707 /* AppDelegate.swift */ = {isa = PBXFileReference; lastKnownFileType = sourcecode.swift; path = AppDelegate.swift; sourceTree = "<group>"; };
		5CEE0B6528D9C04400349707 /* SceneDelegate.swift */ = {isa = PBXFileReference; lastKnownFileType = sourcecode.swift; path = SceneDelegate.swift; sourceTree = "<group>"; };
		5CEE0B6C28D9C04400349707 /* Assets.xcassets */ = {isa = PBXFileReference; lastKnownFileType = folder.assetcatalog; path = Assets.xcassets; sourceTree = "<group>"; };
		5CEE0B6F28D9C04400349707 /* Base */ = {isa = PBXFileReference; lastKnownFileType = file.storyboard; name = Base; path = Base.lproj/LaunchScreen.storyboard; sourceTree = "<group>"; };
		5CEE0B7128D9C04400349707 /* Info.plist */ = {isa = PBXFileReference; lastKnownFileType = text.plist.xml; path = Info.plist; sourceTree = "<group>"; };
		5CEE0B7728DA243900349707 /* HabitsStore.swift */ = {isa = PBXFileReference; lastKnownFileType = sourcecode.swift; path = HabitsStore.swift; sourceTree = "<group>"; };
		5CEE0B7928DA26D300349707 /* HabitsViewController.swift */ = {isa = PBXFileReference; lastKnownFileType = sourcecode.swift; path = HabitsViewController.swift; sourceTree = "<group>"; };
		5CEE0B7B28DA26E100349707 /* InfoViewController.swift */ = {isa = PBXFileReference; lastKnownFileType = sourcecode.swift; path = InfoViewController.swift; sourceTree = "<group>"; };
/* End PBXFileReference section */

/* Begin PBXFrameworksBuildPhase section */
		5CEE0B5D28D9C04400349707 /* Frameworks */ = {
			isa = PBXFrameworksBuildPhase;
			buildActionMask = 2147483647;
			files = (
			);
			runOnlyForDeploymentPostprocessing = 0;
		};
/* End PBXFrameworksBuildPhase section */

/* Begin PBXGroup section */
		5CEE0B5728D9C04400349707 = {
			isa = PBXGroup;
			children = (
				5CEE0B6228D9C04400349707 /* MyHabits */,
				5CEE0B6128D9C04400349707 /* Products */,
			);
			sourceTree = "<group>";
		};
		5CEE0B6128D9C04400349707 /* Products */ = {
			isa = PBXGroup;
			children = (
				5CEE0B6028D9C04400349707 /* MyHabits.app */,
			);
			name = Products;
			sourceTree = "<group>";
		};
		5CEE0B6228D9C04400349707 /* MyHabits */ = {
			isa = PBXGroup;
			children = (
				5CEE0B6328D9C04400349707 /* AppDelegate.swift */,
				5CEE0B6528D9C04400349707 /* SceneDelegate.swift */,
				5CEE0B7728DA243900349707 /* HabitsStore.swift */,
				5CF72C0128F4462F00BDCDE8 /* ViewController */,
				5C44E3A828E9E21C00CEBCF2 /* HabitDetailsHeaderView.swift */,
				5C44E3AC28E9E26400CEBCF2 /* HabitCollectionViewCell.swift */,
				5C44E3AE28E9E28300CEBCF2 /* ProgressCollectionViewCell.swift */,
				5CEE0B6C28D9C04400349707 /* Assets.xcassets */,
				5CEE0B6E28D9C04400349707 /* LaunchScreen.storyboard */,
				5CEE0B7128D9C04400349707 /* Info.plist */,
			);
			path = MyHabits;
			sourceTree = "<group>";
		};
		5CF72C0128F4462F00BDCDE8 /* ViewController */ = {
			isa = PBXGroup;
			children = (
				5C44E3A628E4AF0600CEBCF2 /* HabitViewController.swift */,
				5CEE0B7B28DA26E100349707 /* InfoViewController.swift */,
				5CEE0B7928DA26D300349707 /* HabitsViewController.swift */,
				5C44E3AA28E9E23300CEBCF2 /* HabitDetailsViewController.swift */,
			);
			path = ViewController;
			sourceTree = "<group>";
		};
/* End PBXGroup section */

/* Begin PBXNativeTarget section */
		5CEE0B5F28D9C04400349707 /* MyHabits */ = {
			isa = PBXNativeTarget;
			buildConfigurationList = 5CEE0B7428D9C04400349707 /* Build configuration list for PBXNativeTarget "MyHabits" */;
			buildPhases = (
				5CEE0B5C28D9C04400349707 /* Sources */,
				5CEE0B5D28D9C04400349707 /* Frameworks */,
				5CEE0B5E28D9C04400349707 /* Resources */,
			);
			buildRules = (
			);
			dependencies = (
			);
			name = MyHabits;
			productName = MyHabits;
			productReference = 5CEE0B6028D9C04400349707 /* MyHabits.app */;
			productType = "com.apple.product-type.application";
		};
/* End PBXNativeTarget section */

/* Begin PBXProject section */
		5CEE0B5828D9C04400349707 /* Project object */ = {
			isa = PBXProject;
			attributes = {
				BuildIndependentTargetsInParallel = 1;
				LastSwiftUpdateCheck = 1400;
				LastUpgradeCheck = 1400;
				TargetAttributes = {
					5CEE0B5F28D9C04400349707 = {
						CreatedOnToolsVersion = 14.0;
					};
				};
			};
			buildConfigurationList = 5CEE0B5B28D9C04400349707 /* Build configuration list for PBXProject "MyHabits" */;
			compatibilityVersion = "Xcode 14.0";
			developmentRegion = en;
			hasScannedForEncodings = 0;
			knownRegions = (
				en,
				Base,
			);
			mainGroup = 5CEE0B5728D9C04400349707;
			productRefGroup = 5CEE0B6128D9C04400349707 /* Products */;
			projectDirPath = "";
			projectRoot = "";
			targets = (
				5CEE0B5F28D9C04400349707 /* MyHabits */,
			);
		};
/* End PBXProject section */

/* Begin PBXResourcesBuildPhase section */
		5CEE0B5E28D9C04400349707 /* Resources */ = {
			isa = PBXResourcesBuildPhase;
			buildActionMask = 2147483647;
			files = (
				5CEE0B7028D9C04400349707 /* LaunchScreen.storyboard in Resources */,
				5CEE0B6D28D9C04400349707 /* Assets.xcassets in Resources */,
			);
			runOnlyForDeploymentPostprocessing = 0;
		};
/* End PBXResourcesBuildPhase section */

/* Begin PBXSourcesBuildPhase section */
		5CEE0B5C28D9C04400349707 /* Sources */ = {
			isa = PBXSourcesBuildPhase;
			buildActionMask = 2147483647;
			files = (
				5C44E3AB28E9E23300CEBCF2 /* HabitDetailsViewController.swift in Sources */,
				5CEE0B7828DA243900349707 /* HabitsStore.swift in Sources */,
				5C44E3AD28E9E26400CEBCF2 /* HabitCollectionViewCell.swift in Sources */,
				5C44E3A728E4AF0600CEBCF2 /* HabitViewController.swift in Sources */,
				5CEE0B6428D9C04400349707 /* AppDelegate.swift in Sources */,
				5CEE0B7A28DA26D300349707 /* HabitsViewController.swift in Sources */,
				5C44E3AF28E9E28300CEBCF2 /* ProgressCollectionViewCell.swift in Sources */,
				5C44E3A928E9E21C00CEBCF2 /* HabitDetailsHeaderView.swift in Sources */,
				5CEE0B7C28DA26E100349707 /* InfoViewController.swift in Sources */,
				5CEE0B6628D9C04400349707 /* SceneDelegate.swift in Sources */,
			);
			runOnlyForDeploymentPostprocessing = 0;
		};
/* End PBXSourcesBuildPhase section */

/* Begin PBXVariantGroup section */
		5CEE0B6E28D9C04400349707 /* LaunchScreen.storyboard */ = {
			isa = PBXVariantGroup;
			children = (
				5CEE0B6F28D9C04400349707 /* Base */,
			);
			name = LaunchScreen.storyboard;
			sourceTree = "<group>";
		};
/* End PBXVariantGroup section */

/* Begin XCBuildConfiguration section */
		5CEE0B7228D9C04400349707 /* Debug */ = {
			isa = XCBuildConfiguration;
			buildSettings = {
				ALWAYS_SEARCH_USER_PATHS = NO;
				CLANG_ANALYZER_NONNULL = YES;
				CLANG_ANALYZER_NUMBER_OBJECT_CONVERSION = YES_AGGRESSIVE;
				CLANG_CXX_LANGUAGE_STANDARD = "gnu++20";
				CLANG_ENABLE_MODULES = YES;
				CLANG_ENABLE_OBJC_ARC = YES;
				CLANG_ENABLE_OBJC_WEAK = YES;
				CLANG_WARN_BLOCK_CAPTURE_AUTORELEASING = YES;
				CLANG_WARN_BOOL_CONVERSION = YES;
				CLANG_WARN_COMMA = YES;
				CLANG_WARN_CONSTANT_CONVERSION = YES;
				CLANG_WARN_DEPRECATED_OBJC_IMPLEMENTATIONS = YES;
				CLANG_WARN_DIRECT_OBJC_ISA_USAGE = YES_ERROR;
				CLANG_WARN_DOCUMENTATION_COMMENTS = YES;
				CLANG_WARN_EMPTY_BODY = YES;
				CLANG_WARN_ENUM_CONVERSION = YES;
				CLANG_WARN_INFINITE_RECURSION = YES;
				CLANG_WARN_INT_CONVERSION = YES;
				CLANG_WARN_NON_LITERAL_NULL_CONVERSION = YES;
				CLANG_WARN_OBJC_IMPLICIT_RETAIN_SELF = YES;
				CLANG_WARN_OBJC_LITERAL_CONVERSION = YES;
				CLANG_WARN_OBJC_ROOT_CLASS = YES_ERROR;
				CLANG_WARN_QUOTED_INCLUDE_IN_FRAMEWORK_HEADER = YES;
				CLANG_WARN_RANGE_LOOP_ANALYSIS = YES;
				CLANG_WARN_STRICT_PROTOTYPES = YES;
				CLANG_WARN_SUSPICIOUS_MOVE = YES;
				CLANG_WARN_UNGUARDED_AVAILABILITY = YES_AGGRESSIVE;
				CLANG_WARN_UNREACHABLE_CODE = YES;
				CLANG_WARN__DUPLICATE_METHOD_MATCH = YES;
				COPY_PHASE_STRIP = NO;
				DEBUG_INFORMATION_FORMAT = dwarf;
				ENABLE_STRICT_OBJC_MSGSEND = YES;
				ENABLE_TESTABILITY = YES;
				GCC_C_LANGUAGE_STANDARD = gnu11;
				GCC_DYNAMIC_NO_PIC = NO;
				GCC_NO_COMMON_BLOCKS = YES;
				GCC_OPTIMIZATION_LEVEL = 0;
				GCC_PREPROCESSOR_DEFINITIONS = (
					"DEBUG=1",
					"$(inherited)",
				);
				GCC_WARN_64_TO_32_BIT_CONVERSION = YES;
				GCC_WARN_ABOUT_RETURN_TYPE = YES_ERROR;
				GCC_WARN_UNDECLARED_SELECTOR = YES;
				GCC_WARN_UNINITIALIZED_AUTOS = YES_AGGRESSIVE;
				GCC_WARN_UNUSED_FUNCTION = YES;
				GCC_WARN_UNUSED_VARIABLE = YES;
				IPHONEOS_DEPLOYMENT_TARGET = 16.0;
				MTL_ENABLE_DEBUG_INFO = INCLUDE_SOURCE;
				MTL_FAST_MATH = YES;
				ONLY_ACTIVE_ARCH = YES;
				SDKROOT = iphoneos;
				SWIFT_ACTIVE_COMPILATION_CONDITIONS = DEBUG;
				SWIFT_OPTIMIZATION_LEVEL = "-Onone";
			};
			name = Debug;
		};
		5CEE0B7328D9C04400349707 /* Release */ = {
			isa = XCBuildConfiguration;
			buildSettings = {
				ALWAYS_SEARCH_USER_PATHS = NO;
				CLANG_ANALYZER_NONNULL = YES;
				CLANG_ANALYZER_NUMBER_OBJECT_CONVERSION = YES_AGGRESSIVE;
				CLANG_CXX_LANGUAGE_STANDARD = "gnu++20";
				CLANG_ENABLE_MODULES = YES;
				CLANG_ENABLE_OBJC_ARC = YES;
				CLANG_ENABLE_OBJC_WEAK = YES;
				CLANG_WARN_BLOCK_CAPTURE_AUTORELEASING = YES;
				CLANG_WARN_BOOL_CONVERSION = YES;
				CLANG_WARN_COMMA = YES;
				CLANG_WARN_CONSTANT_CONVERSION = YES;
				CLANG_WARN_DEPRECATED_OBJC_IMPLEMENTATIONS = YES;
				CLANG_WARN_DIRECT_OBJC_ISA_USAGE = YES_ERROR;
				CLANG_WARN_DOCUMENTATION_COMMENTS = YES;
				CLANG_WARN_EMPTY_BODY = YES;
				CLANG_WARN_ENUM_CONVERSION = YES;
				CLANG_WARN_INFINITE_RECURSION = YES;
				CLANG_WARN_INT_CONVERSION = YES;
				CLANG_WARN_NON_LITERAL_NULL_CONVERSION = YES;
				CLANG_WARN_OBJC_IMPLICIT_RETAIN_SELF = YES;
				CLANG_WARN_OBJC_LITERAL_CONVERSION = YES;
				CLANG_WARN_OBJC_ROOT_CLASS = YES_ERROR;
				CLANG_WARN_QUOTED_INCLUDE_IN_FRAMEWORK_HEADER = YES;
				CLANG_WARN_RANGE_LOOP_ANALYSIS = YES;
				CLANG_WARN_STRICT_PROTOTYPES = YES;
				CLANG_WARN_SUSPICIOUS_MOVE = YES;
				CLANG_WARN_UNGUARDED_AVAILABILITY = YES_AGGRESSIVE;
				CLANG_WARN_UNREACHABLE_CODE = YES;
				CLANG_WARN__DUPLICATE_METHOD_MATCH = YES;
				COPY_PHASE_STRIP = NO;
				DEBUG_INFORMATION_FORMAT = "dwarf-with-dsym";
				ENABLE_NS_ASSERTIONS = NO;
				ENABLE_STRICT_OBJC_MSGSEND = YES;
				GCC_C_LANGUAGE_STANDARD = gnu11;
				GCC_NO_COMMON_BLOCKS = YES;
				GCC_WARN_64_TO_32_BIT_CONVERSION = YES;
				GCC_WARN_ABOUT_RETURN_TYPE = YES_ERROR;
				GCC_WARN_UNDECLARED_SELECTOR = YES;
				GCC_WARN_UNINITIALIZED_AUTOS = YES_AGGRESSIVE;
				GCC_WARN_UNUSED_FUNCTION = YES;
				GCC_WARN_UNUSED_VARIABLE = YES;
				IPHONEOS_DEPLOYMENT_TARGET = 16.0;
				MTL_ENABLE_DEBUG_INFO = NO;
				MTL_FAST_MATH = YES;
				SDKROOT = iphoneos;
				SWIFT_COMPILATION_MODE = wholemodule;
				SWIFT_OPTIMIZATION_LEVEL = "-O";
				VALIDATE_PRODUCT = YES;
			};
			name = Release;
		};
		5CEE0B7528D9C04400349707 /* Debug */ = {
			isa = XCBuildConfiguration;
			buildSettings = {
				ASSETCATALOG_COMPILER_APPICON_NAME = AppIcon;
				ASSETCATALOG_COMPILER_GLOBAL_ACCENT_COLOR_NAME = AccentColor;
				CODE_SIGN_STYLE = Automatic;
				CURRENT_PROJECT_VERSION = 1;
				GENERATE_INFOPLIST_FILE = YES;
				INFOPLIST_FILE = MyHabits/Info.plist;
				INFOPLIST_KEY_UIApplicationSupportsIndirectInputEvents = YES;
				INFOPLIST_KEY_UILaunchStoryboardName = LaunchScreen;
				INFOPLIST_KEY_UISupportedInterfaceOrientations_iPad = "UIInterfaceOrientationPortrait UIInterfaceOrientationPortraitUpsideDown UIInterfaceOrientationLandscapeLeft UIInterfaceOrientationLandscapeRight";
				INFOPLIST_KEY_UISupportedInterfaceOrientations_iPhone = "UIInterfaceOrientationPortrait UIInterfaceOrientationLandscapeLeft UIInterfaceOrientationLandscapeRight";
				IPHONEOS_DEPLOYMENT_TARGET = 15.6;
				LD_RUNPATH_SEARCH_PATHS = (
					"$(inherited)",
					"@executable_path/Frameworks",
				);
				MARKETING_VERSION = 1.0;
				PRODUCT_BUNDLE_IDENTIFIER = poletaevart.MyHabits;
				PRODUCT_NAME = "$(TARGET_NAME)";
				SWIFT_EMIT_LOC_STRINGS = YES;
				SWIFT_VERSION = 5.0;
				TARGETED_DEVICE_FAMILY = "1,2";
			};
			name = Debug;
		};
		5CEE0B7628D9C04400349707 /* Release */ = {
			isa = XCBuildConfiguration;
			buildSettings = {
				ASSETCATALOG_COMPILER_APPICON_NAME = AppIcon;
				ASSETCATALOG_COMPILER_GLOBAL_ACCENT_COLOR_NAME = AccentColor;
				CODE_SIGN_STYLE = Automatic;
				CURRENT_PROJECT_VERSION = 1;
				GENERATE_INFOPLIST_FILE = YES;
				INFOPLIST_FILE = MyHabits/Info.plist;
				INFOPLIST_KEY_UIApplicationSupportsIndirectInputEvents = YES;
				INFOPLIST_KEY_UILaunchStoryboardName = LaunchScreen;
				INFOPLIST_KEY_UISupportedInterfaceOrientations_iPad = "UIInterfaceOrientationPortrait UIInterfaceOrientationPortraitUpsideDown UIInterfaceOrientationLandscapeLeft UIInterfaceOrientationLandscapeRight";
				INFOPLIST_KEY_UISupportedInterfaceOrientations_iPhone = "UIInterfaceOrientationPortrait UIInterfaceOrientationLandscapeLeft UIInterfaceOrientationLandscapeRight";
				IPHONEOS_DEPLOYMENT_TARGET = 15.6;
				LD_RUNPATH_SEARCH_PATHS = (
					"$(inherited)",
					"@executable_path/Frameworks",
				);
				MARKETING_VERSION = 1.0;
				PRODUCT_BUNDLE_IDENTIFIER = poletaevart.MyHabits;
				PRODUCT_NAME = "$(TARGET_NAME)";
				SWIFT_EMIT_LOC_STRINGS = YES;
				SWIFT_VERSION = 5.0;
				TARGETED_DEVICE_FAMILY = "1,2";
			};
			name = Release;
		};
/* End XCBuildConfiguration section */

/* Begin XCConfigurationList section */
		5CEE0B5B28D9C04400349707 /* Build configuration list for PBXProject "MyHabits" */ = {
			isa = XCConfigurationList;
			buildConfigurations = (
				5CEE0B7228D9C04400349707 /* Debug */,
				5CEE0B7328D9C04400349707 /* Release */,
			);
			defaultConfigurationIsVisible = 0;
			defaultConfigurationName = Release;
		};
		5CEE0B7428D9C04400349707 /* Build configuration list for PBXNativeTarget "MyHabits" */ = {
			isa = XCConfigurationList;
			buildConfigurations = (
				5CEE0B7528D9C04400349707 /* Debug */,
				5CEE0B7628D9C04400349707 /* Release */,
			);
			defaultConfigurationIsVisible = 0;
			defaultConfigurationName = Release;
		};
/* End XCConfigurationList section */
	};
	rootObject = 5CEE0B5828D9C04400349707 /* Project object */;
}
